
Microsoft Visual Studio Solution File, Format Version 12.00
# Visual Studio Version 16
VisualStudioVersion = 16.0.29215.179
MinimumVisualStudioVersion = 10.0.40219.1
Project("{FAE04EC0-301F-11D3-BF4B-00C04F79EFBC}") = "mlnetdemo", "mlnetdemo\mlnetdemo.csproj", "{CD299C5B-EBAB-438B-B520-2417A6D4D478}"
EndProject
Global
	GlobalSection(SolutionConfigurationPlatforms) = preSolution
		Debug|Any CPU = Debug|Any CPU
		Release|Any CPU = Release|Any CPU
	EndGlobalSection
	GlobalSection(ProjectConfigurationPlatforms) = postSolution
		{CD299C5B-EBAB-438B-B520-2417A6D4D478}.Debug|Any CPU.ActiveCfg = Debug|Any CPU
		{CD299C5B-EBAB-438B-B520-2417A6D4D478}.Debug|Any CPU.Build.0 = Debug|Any CPU
		{CD299C5B-EBAB-438B-B520-2417A6D4D478}.Release|Any CPU.ActiveCfg = Release|Any CPU
		{CD299C5B-EBAB-438B-B520-2417A6D4D478}.Release|Any CPU.Build.0 = Release|Any CPU
	EndGlobalSection
	GlobalSection(SolutionProperties) = preSolution
		HideSolutionNode = FALSE
	EndGlobalSection
	GlobalSection(ExtensibilityGlobals) = postSolution
		SolutionGuid = {C4B733DF-FDF6-4B6F-B51C-B210AC35B531}
	EndGlobalSection
EndGlobal
